{
  "name": "ebook-factory-epubcheck",
  "lockfileVersion": 3,
  "requires": true,
  "packages": {
    "": {
      "name": "ebook-factory-epubcheck",
      "dependencies": {
        "epubcheck-standalone-cli": "5.4.0-build2"
      }
    },
    "node_modules/epubcheck-standalone": {
      "version": "5.4.0-build2",
      "resolved": "https://registry.npmjs.org/epubcheck-standalone/-/epubcheck-standalone-5.4.0-build2.tgz",
      "integrity": "sha512-CM/1d43kiwoV99IjXZORem6yhEBJ3KiLI9+148LYXToF9IRIne7mUr4XRF3EIqFYIe9XE5KfOuoYVD3CRdhRpA==",
      "license": "BSD-3-Clause",
      "engines": {
        "node": ">=24"
      },
      "peerDependencies": {
        "@aws-sdk/client-s3": "^3"
      },
      "peerDependenciesMeta": {
        "@aws-sdk/client-s3": {
          "optional": true
        }
      }
    },
    "node_modules/epubcheck-standalone-cli": {
      "version": "5.4.0-build2",
      "resolved": "https://registry.npmjs.org/epubcheck-standalone-cli/-/epubcheck-standalone-cli-5.4.0-build2.tgz",
      "integrity": "sha512-LyKJAjq49NV+u6aSGKPFPMy+jh90/c2XpEnfjv9NUmGkWxcCWuX1mevCVs0qgTMZQzPF6y+aR2mRjYFMflxvYQ==",
      "license": "BSD-3-Clause",
      "dependencies": {
        "epubcheck-standalone": "5.4.0-build2"
      },
      "bin": {
        "epubcheck-standalone-cli": "dist/cli.js"
      },
      "engines": {
        "node": ">=24"
      }
    }
  }
}
